
Microsoft Visual Studio Solution File, Format Version 12.00
# Visual Studio 15
VisualStudioVersion = 15.0.27004.2006
MinimumVisualStudioVersion = 10.0.40219.1
Project("{9A19103F-16F7-4668-BE54-9A1E7A4F7556}") = "myBlockChain", "ConsoleApp1\myBlockChain.csproj", "{62302EC6-0D9D-4C18-A95C-BF65E8FD9B41}"
EndProject
Global
	GlobalSection(SolutionConfigurationPlatforms) = preSolution
		Debug|Any CPU = Debug|Any CPU
		Release|Any CPU = Release|Any CPU
	EndGlobalSection
	GlobalSection(ProjectConfigurationPlatforms) = postSolution
		{62302EC6-0D9D-4C18-A95C-BF65E8FD9B41}.Debug|Any CPU.ActiveCfg = Debug|Any CPU
		{62302EC6-0D9D-4C18-A95C-BF65E8FD9B41}.Debug|Any CPU.Build.0 = Debug|Any CPU
		{62302EC6-0D9D-4C18-A95C-BF65E8FD9B41}.Release|Any CPU.ActiveCfg = Release|Any CPU
		{62302EC6-0D9D-4C18-A95C-BF65E8FD9B41}.Release|Any CPU.Build.0 = Release|Any CPU
	EndGlobalSection
	GlobalSection(SolutionProperties) = preSolution
		HideSolutionNode = FALSE
	EndGlobalSection
	GlobalSection(ExtensibilityGlobals) = postSolution
		SolutionGuid = {DCEB17A2-73E5-4A3F-8885-C460B102E74A}
	EndGlobalSection
EndGlobal
